
Microsoft Visual Studio Solution File, Format Version 12.00
# Visual Studio Version 16
VisualStudioVersion = 16.0.31205.134
MinimumVisualStudioVersion = 10.0.40219.1
Project("{FAE04EC0-301F-11D3-BF4B-00C04F79EFBC}") = "LocalBlazor", "LocalBlazor\LocalBlazor.csproj", "{E7F07D45-4D3B-4149-A3DE-0BCD75E699CF}"
EndProject
Global
	GlobalSection(SolutionConfigurationPlatforms) = preSolution
		Debug|Any CPU = Debug|Any CPU
		Release|Any CPU = Release|Any CPU
	EndGlobalSection
	GlobalSection(ProjectConfigurationPlatforms) = postSolution
		{E7F07D45-4D3B-4149-A3DE-0BCD75E699CF}.Debug|Any CPU.ActiveCfg = Debug|Any CPU
		{E7F07D45-4D3B-4149-A3DE-0BCD75E699CF}.Debug|Any CPU.Build.0 = Debug|Any CPU
		{E7F07D45-4D3B-4149-A3DE-0BCD75E699CF}.Release|Any CPU.ActiveCfg = Release|Any CPU
		{E7F07D45-4D3B-4149-A3DE-0BCD75E699CF}.Release|Any CPU.Build.0 = Release|Any CPU
	EndGlobalSection
	GlobalSection(SolutionProperties) = preSolution
		HideSolutionNode = FALSE
	EndGlobalSection
	GlobalSection(ExtensibilityGlobals) = postSolution
		SolutionGuid = {AE226127-8226-41BF-B61A-F065F851C906}
	EndGlobalSection
EndGlobal
